PODS:
  - Realm (10.49.1):
    - Realm/Headers (= 10.49.1)
  - Realm/Headers (10.49.1)
  - RealmSwift (10.49.1):
    - Realm (= 10.49.1)

DEPENDENCIES:
  - RealmSwift (~> 10.49.1)

SPEC REPOS:
  trunk:
    - Realm
    - RealmSwift

SPEC CHECKSUMS:
  Realm: 1fab4a224fd7a294eca142a0efe8b54546290fbf
  RealmSwift: 7c3a9c001161eb01b96b171ad965a9c498b962b0

PODFILE CHECKSUM: 26af6bac78418abc797eddc100a28a4b227a57af

COCOAPODS: 1.12.1
